
Microsoft Visual Studio Solution File, Format Version 12.00
# Visual Studio Version 16
VisualStudioVersion = 16.0.31129.286
MinimumVisualStudioVersion = 10.0.40219.1
Project("{FAE04EC0-301F-11D3-BF4B-00C04F79EFBC}") = "HotelListing", "HotelListing.csproj", "{CDD2AB1A-1A9C-47EA-BEED-A645BD3DF721}"
EndProject
Global
	GlobalSection(SolutionConfigurationPlatforms) = preSolution
		Debug|Any CPU = Debug|Any CPU
		Release|Any CPU = Release|Any CPU
	EndGlobalSection
	GlobalSection(ProjectConfigurationPlatforms) = postSolution
		{CDD2AB1A-1A9C-47EA-BEED-A645BD3DF721}.Debug|Any CPU.ActiveCfg = Debug|Any CPU
		{CDD2AB1A-1A9C-47EA-BEED-A645BD3DF721}.Debug|Any CPU.Build.0 = Debug|Any CPU
		{CDD2AB1A-1A9C-47EA-BEED-A645BD3DF721}.Release|Any CPU.ActiveCfg = Release|Any CPU
		{CDD2AB1A-1A9C-47EA-BEED-A645BD3DF721}.Release|Any CPU.Build.0 = Release|Any CPU
	EndGlobalSection
	GlobalSection(SolutionProperties) = preSolution
		HideSolutionNode = FALSE
	EndGlobalSection
	GlobalSection(ExtensibilityGlobals) = postSolution
		SolutionGuid = {88B0B593-01F7-4047-8E58-E81E7AEDDEC4}
	EndGlobalSection
EndGlobal
